
Microsoft Visual Studio Solution File, Format Version 12.00
# Visual Studio Version 16
VisualStudioVersion = 16.0.30621.155
MinimumVisualStudioVersion = 10.0.40219.1
Project("{FAE04EC0-301F-11D3-BF4B-00C04F79EFBC}") = "TestAnes", "TestAnes\TestAnes.csproj", "{296C4FF3-52D0-4AB1-99DD-4D0D9C5771C3}"
EndProject
Project("{FAE04EC0-301F-11D3-BF4B-00C04F79EFBC}") = "TestAnes.dal", "TestAnes.dal\TestAnes.dal.csproj", "{9989F7F8-567C-47ED-A689-3924BB4D00F5}"
EndProject
Global
	GlobalSection(SolutionConfigurationPlatforms) = preSolution
		Debug|Any CPU = Debug|Any CPU
		Release|Any CPU = Release|Any CPU
	EndGlobalSection
	GlobalSection(ProjectConfigurationPlatforms) = postSolution
		{296C4FF3-52D0-4AB1-99DD-4D0D9C5771C3}.Debug|Any CPU.ActiveCfg = Debug|Any CPU
		{296C4FF3-52D0-4AB1-99DD-4D0D9C5771C3}.Debug|Any CPU.Build.0 = Debug|Any CPU
		{296C4FF3-52D0-4AB1-99DD-4D0D9C5771C3}.Release|Any CPU.ActiveCfg = Release|Any CPU
		{296C4FF3-52D0-4AB1-99DD-4D0D9C5771C3}.Release|Any CPU.Build.0 = Release|Any CPU
		{9989F7F8-567C-47ED-A689-3924BB4D00F5}.Debug|Any CPU.ActiveCfg = Debug|Any CPU
		{9989F7F8-567C-47ED-A689-3924BB4D00F5}.Debug|Any CPU.Build.0 = Debug|Any CPU
		{9989F7F8-567C-47ED-A689-3924BB4D00F5}.Release|Any CPU.ActiveCfg = Release|Any CPU
		{9989F7F8-567C-47ED-A689-3924BB4D00F5}.Release|Any CPU.Build.0 = Release|Any CPU
	EndGlobalSection
	GlobalSection(SolutionProperties) = preSolution
		HideSolutionNode = FALSE
	EndGlobalSection
	GlobalSection(ExtensibilityGlobals) = postSolution
		SolutionGuid = {7EF4E981-07E4-4211-B783-E25CD7C24644}
	EndGlobalSection
EndGlobal
